{
  "name": "react-discord",
  "version": "0.1.13",
  "lockfileVersion": 1,
  "requires": true,
  "dependencies": {
    "@discordjs/collection": {
      "version": "0.1.5",
      "resolved": "https://registry.npmjs.org/@discordjs/collection/-/collection-0.1.5.tgz",
      "integrity": "sha512-CU1q0UXQUpFNzNB7gufgoisDHP7n+T3tkqTsp3MNUkVJ5+hS3BCvME8uCXAUFlz+6T2FbTCu75A+yQ7HMKqRKw=="
    },
    "@discordjs/form-data": {
      "version": "3.0.1",
      "resolved": "https://registry.npmjs.org/@discordjs/form-data/-/form-data-3.0.1.tgz",
      "integrity": "sha512-ZfFsbgEXW71Rw/6EtBdrP5VxBJy4dthyC0tpQKGKmYFImlmmrykO14Za+BiIVduwjte0jXEBlhSKf0MWbFp9Eg==",
      "requires": {
        "asynckit": "^0.4.0",
        "combined-stream": "^1.0.8",
        "mime-types": "^2.1.12"
      }
    },
    "@types/node": {
      "version": "14.0.14",
      "resolved": "https://registry.npmjs.org/@types/node/-/node-14.0.14.tgz",
      "integrity": "sha512-syUgf67ZQpaJj01/tRTknkMNoBBLWJOBODF0Zm4NrXmiSuxjymFrxnTu1QVYRubhVkRcZLYZG8STTwJRdVm/WQ==",
      "dev": true
    },
    "@types/prop-types": {
      "version": "15.7.3",
      "resolved": "https://registry.npmjs.org/@types/prop-types/-/prop-types-15.7.3.tgz",
      "integrity": "sha512-KfRL3PuHmqQLOG+2tGpRO26Ctg+Cq1E01D2DMriKEATHgWLfeNDmq9e29Q9WIky0dQ3NPkd1mzYH8Lm936Z9qw==",
      "dev": true
    },
    "@types/react": {
      "version": "16.9.43",
      "resolved": "https://registry.npmjs.org/@types/react/-/react-16.9.43.tgz",
      "integrity": "sha512-PxshAFcnJqIWYpJbLPriClH53Z2WlJcVZE+NP2etUtWQs2s7yIMj3/LDKZT/5CHJ/F62iyjVCDu2H3jHEXIxSg==",
      "dev": true,
      "requires": {
        "@types/prop-types": "*",
        "csstype": "^2.2.0"
      }
    },
    "@types/react-reconciler": {
      "version": "0.18.0",
      "resolved": "https://registry.npmjs.org/@types/react-reconciler/-/react-reconciler-0.18.0.tgz",
      "integrity": "sha512-hLVaxzL7cGgk/2C/sc8yyyvi+aeeimv7SKOFgyuPFYqNb2rnnQApHabcxo5Xp+GloUAfMe3tyQm2nkrmbLXq4w==",
      "dev": true,
      "requires": {
        "@types/react": "*"
      }
    },
    "abort-controller": {
      "version": "3.0.0",
      "resolved": "https://registry.npmjs.org/abort-controller/-/abort-controller-3.0.0.tgz",
      "integrity": "sha512-h8lQ8tacZYnR3vNQTgibj+tODHI5/+l06Au2Pcriv/Gmet0eaj4TwWH41sO9wnHDiQsEj19q0drzdWdeAHtweg==",
      "requires": {
        "event-target-shim": "^5.0.0"
      }
    },
    "asynckit": {
      "version": "0.4.0",
      "resolved": "https://registry.npmjs.org/asynckit/-/asynckit-0.4.0.tgz",
      "integrity": "sha1-x57Zf380y48robyXkLzDZkdLS3k="
    },
    "combined-stream": {
      "version": "1.0.8",
      "resolved": "https://registry.npmjs.org/combined-stream/-/combined-stream-1.0.8.tgz",
      "integrity": "sha512-FQN4MRfuJeHf7cBbBMJFXhKSDq+2kAArBlmRBvcvFE5BB1HZKXtSFASDhdlz9zOYwxh8lDdnvmMOe/+5cdoEdg==",
      "requires": {
        "delayed-stream": "~1.0.0"
      }
    },
    "csstype": {
      "version": "2.6.11",
      "resolved": "https://registry.npmjs.org/csstype/-/csstype-2.6.11.tgz",
      "integrity": "sha512-l8YyEC9NBkSm783PFTvh0FmJy7s5pFKrDp49ZL7zBGX3fWkO+N4EEyan1qqp8cwPLDcD0OSdyY6hAMoxp34JFw==",
      "dev": true
    },
    "delayed-stream": {
      "version": "1.0.0",
      "resolved": "https://registry.npmjs.org/delayed-stream/-/delayed-stream-1.0.0.tgz",
      "integrity": "sha1-3zrhmayt+31ECqrgsp4icrJOxhk="
    },
    "discord.js": {
      "version": "12.2.0",
      "resolved": "https://registry.npmjs.org/discord.js/-/discord.js-12.2.0.tgz",
      "integrity": "sha512-Ueb/0SOsxXyqwvwFYFe0msMrGqH1OMqpp2Dpbplnlr4MzcRrFWwsBM9gKNZXPVBHWUKiQkwU8AihXBXIvTTSvg==",
      "requires": {
        "@discordjs/collection": "^0.1.5",
        "@discordjs/form-data": "^3.0.1",
        "abort-controller": "^3.0.0",
        "node-fetch": "^2.6.0",
        "prism-media": "^1.2.0",
        "setimmediate": "^1.0.5",
        "tweetnacl": "^1.0.3",
        "ws": "^7.2.1"
      }
    },
    "event-target-shim": {
      "version": "5.0.1",
      "resolved": "https://registry.npmjs.org/event-target-shim/-/event-target-shim-5.0.1.tgz",
      "integrity": "sha512-i/2XbnSz/uxRCU6+NdVJgKWDTM427+MqYbkQzD321DuCQJUqOuJKIA0IM2+W2xtYHdKOmZ4dR6fExsd4SXL+WQ=="
    },
    "js-tokens": {
      "version": "4.0.0",
      "resolved": "https://registry.npmjs.org/js-tokens/-/js-tokens-4.0.0.tgz",
      "integrity": "sha512-RdJUflcE3cUzKiMqQgsCu06FPu9UdIJO0beYbPhHN4k6apgJtifcoCtT9bcxOpYBtpD2kCM6Sbzg4CausW/PKQ=="
    },
    "loose-envify": {
      "version": "1.4.0",
      "resolved": "https://registry.npmjs.org/loose-envify/-/loose-envify-1.4.0.tgz",
      "integrity": "sha512-lyuxPGr/Wfhrlem2CL/UcnUc1zcqKAImBDzukY7Y5F/yQiNdko6+fRLevlw1HgMySw7f611UIY408EtxRSoK3Q==",
      "requires": {
        "js-tokens": "^3.0.0 || ^4.0.0"
      }
    },
    "mime-db": {
      "version": "1.44.0",
      "resolved": "https://registry.npmjs.org/mime-db/-/mime-db-1.44.0.tgz",
      "integrity": "sha512-/NOTfLrsPBVeH7YtFPgsVWveuL+4SjjYxaQ1xtM1KMFj7HdxlBlxeyNLzhyJVx7r4rZGJAZ/6lkKCitSc/Nmpg=="
    },
    "mime-types": {
      "version": "2.1.27",
      "resolved": "https://registry.npmjs.org/mime-types/-/mime-types-2.1.27.tgz",
      "integrity": "sha512-JIhqnCasI9yD+SsmkquHBxTSEuZdQX5BuQnS2Vc7puQQQ+8yiP5AY5uWhpdv4YL4VM5c6iliiYWPgJ/nJQLp7w==",
      "requires": {
        "mime-db": "1.44.0"
      }
    },
    "node-fetch": {
      "version": "2.6.1",
      "resolved": "https://registry.npmjs.org/node-fetch/-/node-fetch-2.6.1.tgz",
      "integrity": "sha512-V4aYg89jEoVRxRb2fJdAg8FHvI7cEyYdVAh94HH0UIK8oJxUfkjlDQN9RbMx+bEjP7+ggMiFRprSti032Oipxw=="
    },
    "object-assign": {
      "version": "4.1.1",
      "resolved": "https://registry.npmjs.org/object-assign/-/object-assign-4.1.1.tgz",
      "integrity": "sha1-IQmtx5ZYh8/AXLvUQsrIv7s2CGM="
    },
    "prism-media": {
      "version": "1.2.2",
      "resolved": "https://registry.npmjs.org/prism-media/-/prism-media-1.2.2.tgz",
      "integrity": "sha512-I+nkWY212lJ500jLe4tN9tWO7nRiBAVdMv76P9kffZjYhw20raMlW1HSSvS+MLXC9MmbNZCazMrAr+5jEEgTuw=="
    },
    "prop-types": {
      "version": "15.7.2",
      "resolved": "https://registry.npmjs.org/prop-types/-/prop-types-15.7.2.tgz",
      "integrity": "sha512-8QQikdH7//R2vurIJSutZ1smHYTcLpRWEOlHnzcWHmBYrOGUysKwSsrC89BCiFj3CbrfJ/nXFdJepOVrY1GCHQ==",
      "requires": {
        "loose-envify": "^1.4.0",
        "object-assign": "^4.1.1",
        "react-is": "^16.8.1"
      }
    },
    "react": {
      "version": "16.13.1",
      "resolved": "https://registry.npmjs.org/react/-/react-16.13.1.tgz",
      "integrity": "sha512-YMZQQq32xHLX0bz5Mnibv1/LHb3Sqzngu7xstSM+vrkE5Kzr9xE0yMByK5kMoTK30YVJE61WfbxIFFvfeDKT1w==",
      "dev": true,
      "requires": {
        "loose-envify": "^1.1.0",
        "object-assign": "^4.1.1",
        "prop-types": "^15.6.2"
      }
    },
    "react-is": {
      "version": "16.13.1",
      "resolved": "https://registry.npmjs.org/react-is/-/react-is-16.13.1.tgz",
      "integrity": "sha512-24e6ynE2H+OKt4kqsOvNd8kBpV65zoxbA4BVsEOB3ARVWQki/DHzaUoC5KuON/BiccDaCCTZBuOcfZs70kR8bQ=="
    },
    "react-reconciler": {
      "version": "0.25.1",
      "resolved": "https://registry.npmjs.org/react-reconciler/-/react-reconciler-0.25.1.tgz",
      "integrity": "sha512-R5UwsIvRcSs3w8n9k3tBoTtUHdVhu9u84EG7E5M0Jk9F5i6DA1pQzPfUZd6opYWGy56MJOtV3VADzy6DRwYDjw==",
      "requires": {
        "loose-envify": "^1.1.0",
        "object-assign": "^4.1.1",
        "prop-types": "^15.6.2",
        "scheduler": "^0.19.1"
      }
    },
    "rxjs": {
      "version": "6.6.0",
      "resolved": "https://registry.npmjs.org/rxjs/-/rxjs-6.6.0.tgz",
      "integrity": "sha512-3HMA8z/Oz61DUHe+SdOiQyzIf4tOx5oQHmMir7IZEu6TMqCLHT4LRcmNaUS0NwOz8VLvmmBduMsoaUvMaIiqzg==",
      "requires": {
        "tslib": "^1.9.0"
      }
    },
    "scheduler": {
      "version": "0.19.1",
      "resolved": "https://registry.npmjs.org/scheduler/-/scheduler-0.19.1.tgz",
      "integrity": "sha512-n/zwRWRYSUj0/3g/otKDRPMh6qv2SYMWNq85IEa8iZyAv8od9zDYpGSnpBEjNgcMNq6Scbu5KfIPxNF72R/2EA==",
      "requires": {
        "loose-envify": "^1.1.0",
        "object-assign": "^4.1.1"
      }
    },
    "setimmediate": {
      "version": "1.0.5",
      "resolved": "https://registry.npmjs.org/setimmediate/-/setimmediate-1.0.5.tgz",
      "integrity": "sha1-KQy7Iy4waULX1+qbg3Mqt4VvgoU="
    },
    "tslib": {
      "version": "1.13.0",
      "resolved": "https://registry.npmjs.org/tslib/-/tslib-1.13.0.tgz",
      "integrity": "sha512-i/6DQjL8Xf3be4K/E6Wgpekn5Qasl1usyw++dAA35Ue5orEn65VIxOA+YvNNl9HV3qv70T7CNwjODHZrLwvd1Q=="
    },
    "tweetnacl": {
      "version": "1.0.3",
      "resolved": "https://registry.npmjs.org/tweetnacl/-/tweetnacl-1.0.3.tgz",
      "integrity": "sha512-6rt+RN7aOi1nGMyC4Xa5DdYiukl2UWCbcJft7YhxReBGQD7OAM8Pbxw6YMo4r2diNEA8FEmu32YOn9rhaiE5yw=="
    },
    "ws": {
      "version": "7.3.1",
      "resolved": "https://registry.npmjs.org/ws/-/ws-7.3.1.tgz",
      "integrity": "sha512-D3RuNkynyHmEJIpD2qrgVkc9DQ23OrN/moAwZX4L8DfvszsJxpjQuUq3LMx6HoYji9fbIOBY18XWBsAux1ZZUA=="
    }
  }
}
